
Microsoft Visual Studio Solution File, Format Version 12.00
# Visual Studio Version 17
VisualStudioVersion = 17.0.31903.59
MinimumVisualStudioVersion = 10.0.40219.1
Project("{FAE04EC0-301F-11D3-BF4B-00C04F79EFBC}") = "BasicCalculator", "BasicCalculator\BasicCalculator.csproj", "{FFC9E944-74EC-45BE-AFB4-6BB69906C0C7}"
EndProject
Project("{FAE04EC0-301F-11D3-BF4B-00C04F79EFBC}") = "CalculatorTest", "CalculatorTest\CalculatorTest.csproj", "{FC2CCB0B-6102-47AE-9E91-510FBB993658}"
EndProject
Global
	GlobalSection(SolutionConfigurationPlatforms) = preSolution
		Debug|Any CPU = Debug|Any CPU
		Release|Any CPU = Release|Any CPU
	EndGlobalSection
	GlobalSection(SolutionProperties) = preSolution
		HideSolutionNode = FALSE
	EndGlobalSection
	GlobalSection(ProjectConfigurationPlatforms) = postSolution
		{FFC9E944-74EC-45BE-AFB4-6BB69906C0C7}.Debug|Any CPU.ActiveCfg = Debug|Any CPU
		{FFC9E944-74EC-45BE-AFB4-6BB69906C0C7}.Debug|Any CPU.Build.0 = Debug|Any CPU
		{FFC9E944-74EC-45BE-AFB4-6BB69906C0C7}.Release|Any CPU.ActiveCfg = Release|Any CPU
		{FFC9E944-74EC-45BE-AFB4-6BB69906C0C7}.Release|Any CPU.Build.0 = Release|Any CPU
		{FC2CCB0B-6102-47AE-9E91-510FBB993658}.Debug|Any CPU.ActiveCfg = Debug|Any CPU
		{FC2CCB0B-6102-47AE-9E91-510FBB993658}.Debug|Any CPU.Build.0 = Debug|Any CPU
		{FC2CCB0B-6102-47AE-9E91-510FBB993658}.Release|Any CPU.ActiveCfg = Release|Any CPU
		{FC2CCB0B-6102-47AE-9E91-510FBB993658}.Release|Any CPU.Build.0 = Release|Any CPU
	EndGlobalSection
EndGlobal
