
Microsoft Visual Studio Solution File, Format Version 12.00
# Visual Studio Version 17
VisualStudioVersion = 17.5.002.0
MinimumVisualStudioVersion = 10.0.40219.1
Project("{9A19103F-16F7-4668-BE54-9A1E7A4F7556}") = "list", "list.csproj", "{F4317F40-9E72-4E8E-ABB5-EE5B08989919}"
EndProject
Global
	GlobalSection(SolutionConfigurationPlatforms) = preSolution
		Debug|Any CPU = Debug|Any CPU
		Release|Any CPU = Release|Any CPU
	EndGlobalSection
	GlobalSection(ProjectConfigurationPlatforms) = postSolution
		{F4317F40-9E72-4E8E-ABB5-EE5B08989919}.Debug|Any CPU.ActiveCfg = Debug|Any CPU
		{F4317F40-9E72-4E8E-ABB5-EE5B08989919}.Debug|Any CPU.Build.0 = Debug|Any CPU
		{F4317F40-9E72-4E8E-ABB5-EE5B08989919}.Release|Any CPU.ActiveCfg = Release|Any CPU
		{F4317F40-9E72-4E8E-ABB5-EE5B08989919}.Release|Any CPU.Build.0 = Release|Any CPU
	EndGlobalSection
	GlobalSection(SolutionProperties) = preSolution
		HideSolutionNode = FALSE
	EndGlobalSection
	GlobalSection(ExtensibilityGlobals) = postSolution
		SolutionGuid = {73092C8E-085E-4E5B-B1A3-39F9E4BDA11A}
	EndGlobalSection
EndGlobal
